
Microsoft Visual Studio Solution File, Format Version 12.00
# Visual Studio Version 17
VisualStudioVersion = 17.0.31912.275
MinimumVisualStudioVersion = 10.0.40219.1
Project("{FAE04EC0-301F-11D3-BF4B-00C04F79EFBC}") = "SampleFunctionApps", "SampleFunctionApps\SampleFunctionApps.csproj", "{FC2F5D69-8A08-4240-A555-1B633F98535F}"
EndProject
Global
	GlobalSection(SolutionConfigurationPlatforms) = preSolution
		Debug|Any CPU = Debug|Any CPU
		Release|Any CPU = Release|Any CPU
	EndGlobalSection
	GlobalSection(ProjectConfigurationPlatforms) = postSolution
		{FC2F5D69-8A08-4240-A555-1B633F98535F}.Debug|Any CPU.ActiveCfg = Debug|Any CPU
		{FC2F5D69-8A08-4240-A555-1B633F98535F}.Debug|Any CPU.Build.0 = Debug|Any CPU
		{FC2F5D69-8A08-4240-A555-1B633F98535F}.Release|Any CPU.ActiveCfg = Release|Any CPU
		{FC2F5D69-8A08-4240-A555-1B633F98535F}.Release|Any CPU.Build.0 = Release|Any CPU
	EndGlobalSection
	GlobalSection(SolutionProperties) = preSolution
		HideSolutionNode = FALSE
	EndGlobalSection
	GlobalSection(ExtensibilityGlobals) = postSolution
		SolutionGuid = {A39C88B5-5556-49C8-9C08-5E2944DCE485}
	EndGlobalSection
EndGlobal
